
Microsoft Visual Studio Solution File, Format Version 12.00
# Visual Studio 15
VisualStudioVersion = 15.0.26730.10
MinimumVisualStudioVersion = 10.0.40219.1
Project("{FAE04EC0-301F-11D3-BF4B-00C04F79EFBC}") = "AzureDevOpsDemoApp", "AzureDevOpsDemoApp\AzureDevOpsDemoApp.csproj", "{299F6E6D-EB63-4411-B386-85BFB301E8AF}"
EndProject
Project("{FAE04EC0-301F-11D3-BF4B-00C04F79EFBC}") = "AzureDevOpsDemoApp.Tests", "AzureDevOpsDemoApp.Tests\AzureDevOpsDemoApp.Tests.csproj", "{ABC93521-CE91-4C15-91B5-103C5BC76452}"
EndProject
Global
	GlobalSection(SolutionConfigurationPlatforms) = preSolution
		Debug|Any CPU = Debug|Any CPU
		Release|Any CPU = Release|Any CPU
	EndGlobalSection
	GlobalSection(ProjectConfigurationPlatforms) = postSolution
		{299F6E6D-EB63-4411-B386-85BFB301E8AF}.Debug|Any CPU.ActiveCfg = Debug|Any CPU
		{299F6E6D-EB63-4411-B386-85BFB301E8AF}.Debug|Any CPU.Build.0 = Debug|Any CPU
		{299F6E6D-EB63-4411-B386-85BFB301E8AF}.Release|Any CPU.ActiveCfg = Release|Any CPU
		{299F6E6D-EB63-4411-B386-85BFB301E8AF}.Release|Any CPU.Build.0 = Release|Any CPU
		{ABC93521-CE91-4C15-91B5-103C5BC76452}.Debug|Any CPU.ActiveCfg = Debug|Any CPU
		{ABC93521-CE91-4C15-91B5-103C5BC76452}.Debug|Any CPU.Build.0 = Debug|Any CPU
		{ABC93521-CE91-4C15-91B5-103C5BC76452}.Release|Any CPU.ActiveCfg = Release|Any CPU
		{ABC93521-CE91-4C15-91B5-103C5BC76452}.Release|Any CPU.Build.0 = Release|Any CPU
	EndGlobalSection
	GlobalSection(SolutionProperties) = preSolution
		HideSolutionNode = FALSE
	EndGlobalSection
	GlobalSection(ExtensibilityGlobals) = postSolution
		SolutionGuid = {C9016CB6-5D7E-4DC0-BE98-433C99563394}
	EndGlobalSection
EndGlobal
